
Microsoft Visual Studio Solution File, Format Version 12.00
# Visual Studio Version 16
VisualStudioVersion = 16.0.30907.101
MinimumVisualStudioVersion = 10.0.40219.1
Project("{2150E333-8FDC-42A3-9474-1A3956D46DE8}") = "001_Common", "001_Common", "{4A611255-4CCD-46C7-AA7A-97D8E587C4FE}"
	ProjectSection(SolutionItems) = preProject
		.gitignore = .gitignore
	EndProjectSection
EndProject
Project("{2150E333-8FDC-42A3-9474-1A3956D46DE8}") = "003", "003", "{950FB896-C85A-4FE4-A765-E89E2E39B9C0}"
EndProject
Project("{2150E333-8FDC-42A3-9474-1A3956D46DE8}") = "002 bookcafe", "002 bookcafe", "{F68E6880-508C-4AAE-8291-90FB4A44CB17}"
EndProject
Project("{8BC9CEB8-8B4A-11D0-8D11-00A0C91BC942}") = "git-ex01", "git-ex01\git-ex01.vcxproj", "{7D6E2187-CC9D-4981-8D67-44C0CE5CC96D}"
EndProject
Project("{8BC9CEB8-8B4A-11D0-8D11-00A0C91BC942}") = "ex-02", "ex-02\ex-02.vcxproj", "{A62FDEB1-ED14-4071-9D6A-F8370D877245}"
EndProject
Project("{2150E333-8FDC-42A3-9474-1A3956D46DE8}") = "01 멀티프로젝트 예제", "01 멀티프로젝트 예제", "{4ED4F781-F12D-41BC-93DD-76EF69482E2D}"
EndProject
Project("{8BC9CEB8-8B4A-11D0-8D11-00A0C91BC942}") = "뭐웅앵웅", "뭐웅앵웅\뭐웅앵웅.vcxproj", "{9153722C-B510-4ECF-BF13-0EEB73262CCA}"
EndProject
Project("{2150E333-8FDC-42A3-9474-1A3956D46DE8}") = "02", "02", "{43F1F4FC-3767-4069-9501-9D099EA2FC74}"
EndProject
Project("{2150E333-8FDC-42A3-9474-1A3956D46DE8}") = "전처리기", "전처리기", "{9C709042-5CD0-4C5A-8B4A-15549B90DC28}"
EndProject
Project("{8BC9CEB8-8B4A-11D0-8D11-00A0C91BC942}") = "왓왓왓!", "왓왓왓!\왓왓왓!.vcxproj", "{E799DEFC-CD2D-4E70-BBEE-1791123FA39D}"
EndProject
Project("{2150E333-8FDC-42A3-9474-1A3956D46DE8}") = "Solution Items", "Solution Items", "{47C6BCAC-96D7-4A44-A43E-7A79F2602DC8}"
	ProjectSection(SolutionItems) = preProject
		README.md = README.md
	EndProjectSection
EndProject
Project("{8BC9CEB8-8B4A-11D0-8D11-00A0C91BC942}") = "bookcafe.v1", "카페는 스타벅스!\bookcafe.v1\bookcafe.v1.vcxproj", "{EB68B69A-6D2A-4232-A3AC-336DCF77DCC1}"
EndProject
Global
	GlobalSection(SolutionConfigurationPlatforms) = preSolution
		Debug|x64 = Debug|x64
		Debug|x86 = Debug|x86
		Release|x64 = Release|x64
		Release|x86 = Release|x86
	EndGlobalSection
	GlobalSection(ProjectConfigurationPlatforms) = postSolution
		{7D6E2187-CC9D-4981-8D67-44C0CE5CC96D}.Debug|x64.ActiveCfg = Debug|x64
		{7D6E2187-CC9D-4981-8D67-44C0CE5CC96D}.Debug|x64.Build.0 = Debug|x64
		{7D6E2187-CC9D-4981-8D67-44C0CE5CC96D}.Debug|x86.ActiveCfg = Debug|Win32
		{7D6E2187-CC9D-4981-8D67-44C0CE5CC96D}.Debug|x86.Build.0 = Debug|Win32
		{7D6E2187-CC9D-4981-8D67-44C0CE5CC96D}.Release|x64.ActiveCfg = Release|x64
		{7D6E2187-CC9D-4981-8D67-44C0CE5CC96D}.Release|x64.Build.0 = Release|x64
		{7D6E2187-CC9D-4981-8D67-44C0CE5CC96D}.Release|x86.ActiveCfg = Release|Win32
		{7D6E2187-CC9D-4981-8D67-44C0CE5CC96D}.Release|x86.Build.0 = Release|Win32
		{A62FDEB1-ED14-4071-9D6A-F8370D877245}.Debug|x64.ActiveCfg = Debug|x64
		{A62FDEB1-ED14-4071-9D6A-F8370D877245}.Debug|x64.Build.0 = Debug|x64
		{A62FDEB1-ED14-4071-9D6A-F8370D877245}.Debug|x86.ActiveCfg = Debug|Win32
		{A62FDEB1-ED14-4071-9D6A-F8370D877245}.Debug|x86.Build.0 = Debug|Win32
		{A62FDEB1-ED14-4071-9D6A-F8370D877245}.Release|x64.ActiveCfg = Release|x64
		{A62FDEB1-ED14-4071-9D6A-F8370D877245}.Release|x64.Build.0 = Release|x64
		{A62FDEB1-ED14-4071-9D6A-F8370D877245}.Release|x86.ActiveCfg = Release|Win32
		{A62FDEB1-ED14-4071-9D6A-F8370D877245}.Release|x86.Build.0 = Release|Win32
		{9153722C-B510-4ECF-BF13-0EEB73262CCA}.Debug|x64.ActiveCfg = Debug|x64
		{9153722C-B510-4ECF-BF13-0EEB73262CCA}.Debug|x64.Build.0 = Debug|x64
		{9153722C-B510-4ECF-BF13-0EEB73262CCA}.Debug|x86.ActiveCfg = Debug|Win32
		{9153722C-B510-4ECF-BF13-0EEB73262CCA}.Debug|x86.Build.0 = Debug|Win32
		{9153722C-B510-4ECF-BF13-0EEB73262CCA}.Release|x64.ActiveCfg = Release|x64
		{9153722C-B510-4ECF-BF13-0EEB73262CCA}.Release|x64.Build.0 = Release|x64
		{9153722C-B510-4ECF-BF13-0EEB73262CCA}.Release|x86.ActiveCfg = Release|Win32
		{9153722C-B510-4ECF-BF13-0EEB73262CCA}.Release|x86.Build.0 = Release|Win32
		{E799DEFC-CD2D-4E70-BBEE-1791123FA39D}.Debug|x64.ActiveCfg = Debug|x64
		{E799DEFC-CD2D-4E70-BBEE-1791123FA39D}.Debug|x64.Build.0 = Debug|x64
		{E799DEFC-CD2D-4E70-BBEE-1791123FA39D}.Debug|x86.ActiveCfg = Debug|Win32
		{E799DEFC-CD2D-4E70-BBEE-1791123FA39D}.Debug|x86.Build.0 = Debug|Win32
		{E799DEFC-CD2D-4E70-BBEE-1791123FA39D}.Release|x64.ActiveCfg = Release|x64
		{E799DEFC-CD2D-4E70-BBEE-1791123FA39D}.Release|x64.Build.0 = Release|x64
		{E799DEFC-CD2D-4E70-BBEE-1791123FA39D}.Release|x86.ActiveCfg = Release|Win32
		{E799DEFC-CD2D-4E70-BBEE-1791123FA39D}.Release|x86.Build.0 = Release|Win32
		{EB68B69A-6D2A-4232-A3AC-336DCF77DCC1}.Debug|x64.ActiveCfg = Debug|x64
		{EB68B69A-6D2A-4232-A3AC-336DCF77DCC1}.Debug|x64.Build.0 = Debug|x64
		{EB68B69A-6D2A-4232-A3AC-336DCF77DCC1}.Debug|x86.ActiveCfg = Debug|Win32
		{EB68B69A-6D2A-4232-A3AC-336DCF77DCC1}.Debug|x86.Build.0 = Debug|Win32
		{EB68B69A-6D2A-4232-A3AC-336DCF77DCC1}.Release|x64.ActiveCfg = Release|x64
		{EB68B69A-6D2A-4232-A3AC-336DCF77DCC1}.Release|x64.Build.0 = Release|x64
		{EB68B69A-6D2A-4232-A3AC-336DCF77DCC1}.Release|x86.ActiveCfg = Release|Win32
		{EB68B69A-6D2A-4232-A3AC-336DCF77DCC1}.Release|x86.Build.0 = Release|Win32
	EndGlobalSection
	GlobalSection(SolutionProperties) = preSolution
		HideSolutionNode = FALSE
	EndGlobalSection
	GlobalSection(NestedProjects) = preSolution
		{7D6E2187-CC9D-4981-8D67-44C0CE5CC96D} = {4ED4F781-F12D-41BC-93DD-76EF69482E2D}
		{A62FDEB1-ED14-4071-9D6A-F8370D877245} = {4ED4F781-F12D-41BC-93DD-76EF69482E2D}
		{4ED4F781-F12D-41BC-93DD-76EF69482E2D} = {950FB896-C85A-4FE4-A765-E89E2E39B9C0}
		{9153722C-B510-4ECF-BF13-0EEB73262CCA} = {43F1F4FC-3767-4069-9501-9D099EA2FC74}
		{43F1F4FC-3767-4069-9501-9D099EA2FC74} = {950FB896-C85A-4FE4-A765-E89E2E39B9C0}
		{9C709042-5CD0-4C5A-8B4A-15549B90DC28} = {950FB896-C85A-4FE4-A765-E89E2E39B9C0}
		{E799DEFC-CD2D-4E70-BBEE-1791123FA39D} = {9C709042-5CD0-4C5A-8B4A-15549B90DC28}
		{EB68B69A-6D2A-4232-A3AC-336DCF77DCC1} = {F68E6880-508C-4AAE-8291-90FB4A44CB17}
	EndGlobalSection
	GlobalSection(ExtensibilityGlobals) = postSolution
		SolutionGuid = {86EFA0C5-BE95-4BDF-855B-92A9BD43E139}
	EndGlobalSection
EndGlobal
